
Microsoft Visual Studio Solution File, Format Version 12.00
# Visual Studio Version 16
VisualStudioVersion = 16.0.31410.357
MinimumVisualStudioVersion = 10.0.40219.1
Project("{FAE04EC0-301F-11D3-BF4B-00C04F79EFBC}") = "Project1", "Project1.csproj", "{0FDB4C28-D3E9-47B0-9738-2CEA8811089D}"
EndProject
Project("{FAE04EC0-301F-11D3-BF4B-00C04F79EFBC}") = "Project1.Tests", "..\Project1.Tests\Project1.Tests.csproj", "{4726AF8E-4175-4518-A151-5CAAC1B51D11}"
EndProject
Project("{FAE04EC0-301F-11D3-BF4B-00C04F79EFBC}") = "BusinessLayer", "..\BusinessLayer\BusinessLayer.csproj", "{9FEE4D1D-7B1C-4FDF-B969-C6969B0794C5}"
EndProject
Project("{FAE04EC0-301F-11D3-BF4B-00C04F79EFBC}") = "ModelsLibrary", "..\ModelsLibrary\ModelsLibrary.csproj", "{4DEDE6BB-6E77-46BD-A215-9CFEF5659FC2}"
EndProject
Project("{FAE04EC0-301F-11D3-BF4B-00C04F79EFBC}") = "RepositoryLayer", "..\RepositoryLayer\RepositoryLayer.csproj", "{8FB2DE03-D89F-4ED9-8E78-68F3BF9C0B30}"
EndProject
Global
	GlobalSection(SolutionConfigurationPlatforms) = preSolution
		Debug|Any CPU = Debug|Any CPU
		Release|Any CPU = Release|Any CPU
	EndGlobalSection
	GlobalSection(ProjectConfigurationPlatforms) = postSolution
		{0FDB4C28-D3E9-47B0-9738-2CEA8811089D}.Debug|Any CPU.ActiveCfg = Debug|Any CPU
		{0FDB4C28-D3E9-47B0-9738-2CEA8811089D}.Debug|Any CPU.Build.0 = Debug|Any CPU
		{0FDB4C28-D3E9-47B0-9738-2CEA8811089D}.Release|Any CPU.ActiveCfg = Release|Any CPU
		{0FDB4C28-D3E9-47B0-9738-2CEA8811089D}.Release|Any CPU.Build.0 = Release|Any CPU
		{4726AF8E-4175-4518-A151-5CAAC1B51D11}.Debug|Any CPU.ActiveCfg = Debug|Any CPU
		{4726AF8E-4175-4518-A151-5CAAC1B51D11}.Debug|Any CPU.Build.0 = Debug|Any CPU
		{4726AF8E-4175-4518-A151-5CAAC1B51D11}.Release|Any CPU.ActiveCfg = Release|Any CPU
		{4726AF8E-4175-4518-A151-5CAAC1B51D11}.Release|Any CPU.Build.0 = Release|Any CPU
		{9FEE4D1D-7B1C-4FDF-B969-C6969B0794C5}.Debug|Any CPU.ActiveCfg = Debug|Any CPU
		{9FEE4D1D-7B1C-4FDF-B969-C6969B0794C5}.Debug|Any CPU.Build.0 = Debug|Any CPU
		{9FEE4D1D-7B1C-4FDF-B969-C6969B0794C5}.Release|Any CPU.ActiveCfg = Release|Any CPU
		{9FEE4D1D-7B1C-4FDF-B969-C6969B0794C5}.Release|Any CPU.Build.0 = Release|Any CPU
		{4DEDE6BB-6E77-46BD-A215-9CFEF5659FC2}.Debug|Any CPU.ActiveCfg = Debug|Any CPU
		{4DEDE6BB-6E77-46BD-A215-9CFEF5659FC2}.Debug|Any CPU.Build.0 = Debug|Any CPU
		{4DEDE6BB-6E77-46BD-A215-9CFEF5659FC2}.Release|Any CPU.ActiveCfg = Release|Any CPU
		{4DEDE6BB-6E77-46BD-A215-9CFEF5659FC2}.Release|Any CPU.Build.0 = Release|Any CPU
		{8FB2DE03-D89F-4ED9-8E78-68F3BF9C0B30}.Debug|Any CPU.ActiveCfg = Debug|Any CPU
		{8FB2DE03-D89F-4ED9-8E78-68F3BF9C0B30}.Debug|Any CPU.Build.0 = Debug|Any CPU
		{8FB2DE03-D89F-4ED9-8E78-68F3BF9C0B30}.Release|Any CPU.ActiveCfg = Release|Any CPU
		{8FB2DE03-D89F-4ED9-8E78-68F3BF9C0B30}.Release|Any CPU.Build.0 = Release|Any CPU
	EndGlobalSection
	GlobalSection(SolutionProperties) = preSolution
		HideSolutionNode = FALSE
	EndGlobalSection
	GlobalSection(ExtensibilityGlobals) = postSolution
		SolutionGuid = {6FC25E69-C70E-46A6-8549-98360BFEBB23}
	EndGlobalSection
EndGlobal
